// !$*UTF8*$!
{
	archiveVersion = 1;
	classes = {
	};
	objectVersion = 46;
	objects = {

/* Begin PBXBuildFile section */
		141FAE4F1CD8EBB600AE03C7 /* day9_input.txt in CopyFiles */ = {isa = PBXBuildFile; fileRef = 14FA93A11CD80500002076F1 /* day9_input.txt */; };
		141FAE511CD901CD00AE03C7 /* day10.swift in Sources */ = {isa = PBXBuildFile; fileRef = 141FAE501CD901CD00AE03C7 /* day10.swift */; };
		141FAE531CD92F6600AE03C7 /* day11.swift in Sources */ = {isa = PBXBuildFile; fileRef = 141FAE521CD92F6600AE03C7 /* day11.swift */; };
		141FAE561CD9515F00AE03C7 /* day12.swift in Sources */ = {isa = PBXBuildFile; fileRef = 141FAE551CD9515F00AE03C7 /* day12.swift */; };
		141FAE571CD9516900AE03C7 /* day12_input.txt in CopyFiles */ = {isa = PBXBuildFile; fileRef = 141FAE541CD9512700AE03C7 /* day12_input.txt */; };
		141FAE591CDA45AC00AE03C7 /* day13.swift in Sources */ = {isa = PBXBuildFile; fileRef = 141FAE581CDA45AC00AE03C7 /* day13.swift */; };
		141FAE5B1CDA462100AE03C7 /* day13_input.txt in CopyFiles */ = {isa = PBXBuildFile; fileRef = 141FAE5A1CDA460B00AE03C7 /* day13_input.txt */; };
		146F5FB61CD1178A006AE251 /* main.swift in Sources */ = {isa = PBXBuildFile; fileRef = 146F5FB51CD1178A006AE251 /* main.swift */; };
		14F820F81CD117D8004266C3 /* day1.swift in Sources */ = {isa = PBXBuildFile; fileRef = 14F820F71CD117D8004266C3 /* day1.swift */; };
		14F820FA1CD11C35004266C3 /* day2.swift in Sources */ = {isa = PBXBuildFile; fileRef = 14F820F91CD11C35004266C3 /* day2.swift */; };
		14F820FE1CD11E7F004266C3 /* day2_input.txt in CopyFiles */ = {isa = PBXBuildFile; fileRef = 14F820FB1CD11CEF004266C3 /* day2_input.txt */; };
		14FA93891CD14DA5002076F1 /* day3.swift in Sources */ = {isa = PBXBuildFile; fileRef = 14FA93881CD14DA5002076F1 /* day3.swift */; };
		14FA938B1CD14E13002076F1 /* day3_input.txt in CopyFiles */ = {isa = PBXBuildFile; fileRef = 14FA938A1CD14E02002076F1 /* day3_input.txt */; };
		14FA938D1CD15B17002076F1 /* day4.swift in Sources */ = {isa = PBXBuildFile; fileRef = 14FA938C1CD15B17002076F1 /* day4.swift */; };
		14FA93901CD16948002076F1 /* day5.swift in Sources */ = {isa = PBXBuildFile; fileRef = 14FA938F1CD16948002076F1 /* day5.swift */; };
		14FA93921CD16A0C002076F1 /* day5_input.txt in CopyFiles */ = {isa = PBXBuildFile; fileRef = 14FA93911CD169E3002076F1 /* day5_input.txt */; };
		14FA93941CD24F36002076F1 /* day6.swift in Sources */ = {isa = PBXBuildFile; fileRef = 14FA93931CD24F36002076F1 /* day6.swift */; };
		14FA93961CD24FCA002076F1 /* day6_input.txt in CopyFiles */ = {isa = PBXBuildFile; fileRef = 14FA93951CD24FB3002076F1 /* day6_input.txt */; };
		14FA93981CD264A2002076F1 /* day7.swift in Sources */ = {isa = PBXBuildFile; fileRef = 14FA93971CD264A2002076F1 /* day7.swift */; };
		14FA939A1CD2660E002076F1 /* day7_input.txt in CopyFiles */ = {isa = PBXBuildFile; fileRef = 14FA93991CD265F7002076F1 /* day7_input.txt */; };
		14FA939C1CD3B30A002076F1 /* day8.swift in Sources */ = {isa = PBXBuildFile; fileRef = 14FA939B1CD3B30A002076F1 /* day8.swift */; };
		14FA939E1CD3B65B002076F1 /* day8_input.txt in CopyFiles */ = {isa = PBXBuildFile; fileRef = 14FA939D1CD3B5B1002076F1 /* day8_input.txt */; };
		14FA93A01CD3BF15002076F1 /* day1_input.txt in CopyFiles */ = {isa = PBXBuildFile; fileRef = 14FA939F1CD3BEAE002076F1 /* day1_input.txt */; };
		14FA93A31CD80511002076F1 /* day9.swift in Sources */ = {isa = PBXBuildFile; fileRef = 14FA93A21CD80511002076F1 /* day9.swift */; };
/* End PBXBuildFile section */

/* Begin PBXCopyFilesBuildPhase section */
		146F5FB01CD1178A006AE251 /* CopyFiles */ = {
			isa = PBXCopyFilesBuildPhase;
			buildActionMask = 2147483647;
			dstPath = /usr/share/man/man1;
			dstSubfolderSpec = 0;
			files = (
			);
			runOnlyForDeploymentPostprocessing = 1;
		};
		14F820FD1CD11E6D004266C3 /* CopyFiles */ = {
			isa = PBXCopyFilesBuildPhase;
			buildActionMask = 2147483647;
			dstPath = "";
			dstSubfolderSpec = 7;
			files = (
				141FAE5B1CDA462100AE03C7 /* day13_input.txt in CopyFiles */,
				141FAE571CD9516900AE03C7 /* day12_input.txt in CopyFiles */,
				141FAE4F1CD8EBB600AE03C7 /* day9_input.txt in CopyFiles */,
				14FA93A01CD3BF15002076F1 /* day1_input.txt in CopyFiles */,
				14FA939E1CD3B65B002076F1 /* day8_input.txt in CopyFiles */,
				14FA939A1CD2660E002076F1 /* day7_input.txt in CopyFiles */,
				14FA93961CD24FCA002076F1 /* day6_input.txt in CopyFiles */,
				14FA93921CD16A0C002076F1 /* day5_input.txt in CopyFiles */,
				14FA938B1CD14E13002076F1 /* day3_input.txt in CopyFiles */,
				14F820FE1CD11E7F004266C3 /* day2_input.txt in CopyFiles */,
			);
			runOnlyForDeploymentPostprocessing = 0;
		};
/* End PBXCopyFilesBuildPhase section */

/* Begin PBXFileReference section */
		141FAE501CD901CD00AE03C7 /* day10.swift */ = {isa = PBXFileReference; fileEncoding = 4; lastKnownFileType = sourcecode.swift; path = day10.swift; sourceTree = "<group>"; };
		141FAE521CD92F6600AE03C7 /* day11.swift */ = {isa = PBXFileReference; fileEncoding = 4; lastKnownFileType = sourcecode.swift; path = day11.swift; sourceTree = "<group>"; };
		141FAE541CD9512700AE03C7 /* day12_input.txt */ = {isa = PBXFileReference; fileEncoding = 4; lastKnownFileType = text; path = day12_input.txt; sourceTree = "<group>"; };
		141FAE551CD9515F00AE03C7 /* day12.swift */ = {isa = PBXFileReference; fileEncoding = 4; lastKnownFileType = sourcecode.swift; path = day12.swift; sourceTree = "<group>"; };
		141FAE581CDA45AC00AE03C7 /* day13.swift */ = {isa = PBXFileReference; fileEncoding = 4; lastKnownFileType = sourcecode.swift; path = day13.swift; sourceTree = "<group>"; };
		141FAE5A1CDA460B00AE03C7 /* day13_input.txt */ = {isa = PBXFileReference; fileEncoding = 4; lastKnownFileType = text; path = day13_input.txt; sourceTree = "<group>"; };
		146F5FB21CD1178A006AE251 /* AdventOfCode */ = {isa = PBXFileReference; explicitFileType = "compiled.mach-o.executable"; includeInIndex = 0; path = AdventOfCode; sourceTree = BUILT_PRODUCTS_DIR; };
		146F5FB51CD1178A006AE251 /* main.swift */ = {isa = PBXFileReference; lastKnownFileType = sourcecode.swift; path = main.swift; sourceTree = "<group>"; };
		14F820F71CD117D8004266C3 /* day1.swift */ = {isa = PBXFileReference; fileEncoding = 4; lastKnownFileType = sourcecode.swift; path = day1.swift; sourceTree = "<group>"; };
		14F820F91CD11C35004266C3 /* day2.swift */ = {isa = PBXFileReference; fileEncoding = 4; lastKnownFileType = sourcecode.swift; path = day2.swift; sourceTree = "<group>"; };
		14F820FB1CD11CEF004266C3 /* day2_input.txt */ = {isa = PBXFileReference; fileEncoding = 4; lastKnownFileType = text; path = day2_input.txt; sourceTree = "<group>"; };
		14FA93881CD14DA5002076F1 /* day3.swift */ = {isa = PBXFileReference; fileEncoding = 4; lastKnownFileType = sourcecode.swift; path = day3.swift; sourceTree = "<group>"; };
		14FA938A1CD14E02002076F1 /* day3_input.txt */ = {isa = PBXFileReference; fileEncoding = 4; lastKnownFileType = text; path = day3_input.txt; sourceTree = "<group>"; };
		14FA938C1CD15B17002076F1 /* day4.swift */ = {isa = PBXFileReference; fileEncoding = 4; lastKnownFileType = sourcecode.swift; path = day4.swift; sourceTree = "<group>"; };
		14FA938E1CD1621B002076F1 /* AdventOfCode-Bridging-Header.h */ = {isa = PBXFileReference; lastKnownFileType = sourcecode.c.h; path = "AdventOfCode-Bridging-Header.h"; sourceTree = "<group>"; };
		14FA938F1CD16948002076F1 /* day5.swift */ = {isa = PBXFileReference; fileEncoding = 4; lastKnownFileType = sourcecode.swift; path = day5.swift; sourceTree = "<group>"; };
		14FA93911CD169E3002076F1 /* day5_input.txt */ = {isa = PBXFileReference; fileEncoding = 4; lastKnownFileType = text; path = day5_input.txt; sourceTree = "<group>"; };
		14FA93931CD24F36002076F1 /* day6.swift */ = {isa = PBXFileReference; fileEncoding = 4; lastKnownFileType = sourcecode.swift; path = day6.swift; sourceTree = "<group>"; };
		14FA93951CD24FB3002076F1 /* day6_input.txt */ = {isa = PBXFileReference; fileEncoding = 4; lastKnownFileType = text; path = day6_input.txt; sourceTree = "<group>"; };
		14FA93971CD264A2002076F1 /* day7.swift */ = {isa = PBXFileReference; fileEncoding = 4; lastKnownFileType = sourcecode.swift; path = day7.swift; sourceTree = "<group>"; };
		14FA93991CD265F7002076F1 /* day7_input.txt */ = {isa = PBXFileReference; fileEncoding = 4; lastKnownFileType = text; path = day7_input.txt; sourceTree = "<group>"; };
		14FA939B1CD3B30A002076F1 /* day8.swift */ = {isa = PBXFileReference; fileEncoding = 4; lastKnownFileType = sourcecode.swift; path = day8.swift; sourceTree = "<group>"; };
		14FA939D1CD3B5B1002076F1 /* day8_input.txt */ = {isa = PBXFileReference; fileEncoding = 4; lastKnownFileType = text; path = day8_input.txt; sourceTree = "<group>"; };
		14FA939F1CD3BEAE002076F1 /* day1_input.txt */ = {isa = PBXFileReference; fileEncoding = 4; lastKnownFileType = text; path = day1_input.txt; sourceTree = "<group>"; };
		14FA93A11CD80500002076F1 /* day9_input.txt */ = {isa = PBXFileReference; fileEncoding = 4; lastKnownFileType = text; path = day9_input.txt; sourceTree = "<group>"; };
		14FA93A21CD80511002076F1 /* day9.swift */ = {isa = PBXFileReference; fileEncoding = 4; lastKnownFileType = sourcecode.swift; path = day9.swift; sourceTree = "<group>"; };
/* End PBXFileReference section */

/* Begin PBXFrameworksBuildPhase section */
		146F5FAF1CD1178A006AE251 /* Frameworks */ = {
			isa = PBXFrameworksBuildPhase;
			buildActionMask = 2147483647;
			files = (
			);
			runOnlyForDeploymentPostprocessing = 0;
		};
/* End PBXFrameworksBuildPhase section */

/* Begin PBXGroup section */
		146F5FA91CD1178A006AE251 = {
			isa = PBXGroup;
			children = (
				146F5FB41CD1178A006AE251 /* AdventOfCode */,
				146F5FB31CD1178A006AE251 /* Products */,
			);
			sourceTree = "<group>";
		};
		146F5FB31CD1178A006AE251 /* Products */ = {
			isa = PBXGroup;
			children = (
				146F5FB21CD1178A006AE251 /* AdventOfCode */,
			);
			name = Products;
			sourceTree = "<group>";
		};
		146F5FB41CD1178A006AE251 /* AdventOfCode */ = {
			isa = PBXGroup;
			children = (
				14FA938E1CD1621B002076F1 /* AdventOfCode-Bridging-Header.h */,
				146F5FB51CD1178A006AE251 /* main.swift */,
				14F820F71CD117D8004266C3 /* day1.swift */,
				14FA939F1CD3BEAE002076F1 /* day1_input.txt */,
				14F820F91CD11C35004266C3 /* day2.swift */,
				14F820FB1CD11CEF004266C3 /* day2_input.txt */,
				14FA93881CD14DA5002076F1 /* day3.swift */,
				14FA938A1CD14E02002076F1 /* day3_input.txt */,
				14FA938C1CD15B17002076F1 /* day4.swift */,
				14FA938F1CD16948002076F1 /* day5.swift */,
				14FA93911CD169E3002076F1 /* day5_input.txt */,
				14FA93931CD24F36002076F1 /* day6.swift */,
				14FA93951CD24FB3002076F1 /* day6_input.txt */,
				14FA93971CD264A2002076F1 /* day7.swift */,
				14FA93991CD265F7002076F1 /* day7_input.txt */,
				14FA939B1CD3B30A002076F1 /* day8.swift */,
				14FA939D1CD3B5B1002076F1 /* day8_input.txt */,
				14FA93A21CD80511002076F1 /* day9.swift */,
				14FA93A11CD80500002076F1 /* day9_input.txt */,
				141FAE501CD901CD00AE03C7 /* day10.swift */,
				141FAE521CD92F6600AE03C7 /* day11.swift */,
				141FAE551CD9515F00AE03C7 /* day12.swift */,
				141FAE541CD9512700AE03C7 /* day12_input.txt */,
				141FAE581CDA45AC00AE03C7 /* day13.swift */,
				141FAE5A1CDA460B00AE03C7 /* day13_input.txt */,
			);
			path = AdventOfCode;
			sourceTree = "<group>";
		};
/* End PBXGroup section */

/* Begin PBXNativeTarget section */
		146F5FB11CD1178A006AE251 /* AdventOfCode */ = {
			isa = PBXNativeTarget;
			buildConfigurationList = 146F5FB91CD1178A006AE251 /* Build configuration list for PBXNativeTarget "AdventOfCode" */;
			buildPhases = (
				146F5FAE1CD1178A006AE251 /* Sources */,
				146F5FAF1CD1178A006AE251 /* Frameworks */,
				146F5FB01CD1178A006AE251 /* CopyFiles */,
				14F820FD1CD11E6D004266C3 /* CopyFiles */,
			);
			buildRules = (
			);
			dependencies = (
			);
			name = AdventOfCode;
			productName = AdventOfCode;
			productReference = 146F5FB21CD1178A006AE251 /* AdventOfCode */;
			productType = "com.apple.product-type.tool";
		};
/* End PBXNativeTarget section */

/* Begin PBXProject section */
		146F5FAA1CD1178A006AE251 /* Project object */ = {
			isa = PBXProject;
			attributes = {
				LastSwiftUpdateCheck = 0730;
				LastUpgradeCheck = 0730;
				ORGANIZATIONNAME = Plankenhorn.net;
				TargetAttributes = {
					146F5FB11CD1178A006AE251 = {
						CreatedOnToolsVersion = 7.3;
					};
				};
			};
			buildConfigurationList = 146F5FAD1CD1178A006AE251 /* Build configuration list for PBXProject "AdventOfCode" */;
			compatibilityVersion = "Xcode 3.2";
			developmentRegion = English;
			hasScannedForEncodings = 0;
			knownRegions = (
				en,
			);
			mainGroup = 146F5FA91CD1178A006AE251;
			productRefGroup = 146F5FB31CD1178A006AE251 /* Products */;
			projectDirPath = "";
			projectRoot = "";
			targets = (
				146F5FB11CD1178A006AE251 /* AdventOfCode */,
			);
		};
/* End PBXProject section */

/* Begin PBXSourcesBuildPhase section */
		146F5FAE1CD1178A006AE251 /* Sources */ = {
			isa = PBXSourcesBuildPhase;
			buildActionMask = 2147483647;
			files = (
				14F820F81CD117D8004266C3 /* day1.swift in Sources */,
				14F820FA1CD11C35004266C3 /* day2.swift in Sources */,
				141FAE531CD92F6600AE03C7 /* day11.swift in Sources */,
				14FA93981CD264A2002076F1 /* day7.swift in Sources */,
				14FA93891CD14DA5002076F1 /* day3.swift in Sources */,
				14FA93941CD24F36002076F1 /* day6.swift in Sources */,
				14FA938D1CD15B17002076F1 /* day4.swift in Sources */,
				141FAE561CD9515F00AE03C7 /* day12.swift in Sources */,
				14FA93901CD16948002076F1 /* day5.swift in Sources */,
				141FAE511CD901CD00AE03C7 /* day10.swift in Sources */,
				14FA939C1CD3B30A002076F1 /* day8.swift in Sources */,
				14FA93A31CD80511002076F1 /* day9.swift in Sources */,
				141FAE591CDA45AC00AE03C7 /* day13.swift in Sources */,
				146F5FB61CD1178A006AE251 /* main.swift in Sources */,
			);
			runOnlyForDeploymentPostprocessing = 0;
		};
/* End PBXSourcesBuildPhase section */

/* Begin XCBuildConfiguration section */
		146F5FB71CD1178A006AE251 /* Debug */ = {
			isa = XCBuildConfiguration;
			buildSettings = {
				ALWAYS_SEARCH_USER_PATHS = NO;
				CLANG_ANALYZER_NONNULL = YES;
				CLANG_CXX_LANGUAGE_STANDARD = "gnu++0x";
				CLANG_CXX_LIBRARY = "libc++";
				CLANG_ENABLE_MODULES = YES;
				CLANG_ENABLE_OBJC_ARC = YES;
				CLANG_WARN_BOOL_CONVERSION = YES;
				CLANG_WARN_CONSTANT_CONVERSION = YES;
				CLANG_WARN_DIRECT_OBJC_ISA_USAGE = YES_ERROR;
				CLANG_WARN_EMPTY_BODY = YES;
				CLANG_WARN_ENUM_CONVERSION = YES;
				CLANG_WARN_INT_CONVERSION = YES;
				CLANG_WARN_OBJC_ROOT_CLASS = YES_ERROR;
				CLANG_WARN_UNREACHABLE_CODE = YES;
				CLANG_WARN__DUPLICATE_METHOD_MATCH = YES;
				CODE_SIGN_IDENTITY = "-";
				COPY_PHASE_STRIP = NO;
				DEBUG_INFORMATION_FORMAT = dwarf;
				ENABLE_STRICT_OBJC_MSGSEND = YES;
				ENABLE_TESTABILITY = YES;
				GCC_C_LANGUAGE_STANDARD = gnu99;
				GCC_DYNAMIC_NO_PIC = NO;
				GCC_NO_COMMON_BLOCKS = YES;
				GCC_OPTIMIZATION_LEVEL = 0;
				GCC_PREPROCESSOR_DEFINITIONS = (
					"DEBUG=1",
					"$(inherited)",
				);
				GCC_WARN_64_TO_32_BIT_CONVERSION = YES;
				GCC_WARN_ABOUT_RETURN_TYPE = YES_ERROR;
				GCC_WARN_UNDECLARED_SELECTOR = YES;
				GCC_WARN_UNINITIALIZED_AUTOS = YES_AGGRESSIVE;
				GCC_WARN_UNUSED_FUNCTION = YES;
				GCC_WARN_UNUSED_VARIABLE = YES;
				MACOSX_DEPLOYMENT_TARGET = 10.11;
				MTL_ENABLE_DEBUG_INFO = YES;
				ONLY_ACTIVE_ARCH = YES;
				SDKROOT = macosx;
				SWIFT_OPTIMIZATION_LEVEL = "-Onone";
			};
			name = Debug;
		};
		146F5FB81CD1178A006AE251 /* Release */ = {
			isa = XCBuildConfiguration;
			buildSettings = {
				ALWAYS_SEARCH_USER_PATHS = NO;
				CLANG_ANALYZER_NONNULL = YES;
				CLANG_CXX_LANGUAGE_STANDARD = "gnu++0x";
				CLANG_CXX_LIBRARY = "libc++";
				CLANG_ENABLE_MODULES = YES;
				CLANG_ENABLE_OBJC_ARC = YES;
				CLANG_WARN_BOOL_CONVERSION = YES;
				CLANG_WARN_CONSTANT_CONVERSION = YES;
				CLANG_WARN_DIRECT_OBJC_ISA_USAGE = YES_ERROR;
				CLANG_WARN_EMPTY_BODY = YES;
				CLANG_WARN_ENUM_CONVERSION = YES;
				CLANG_WARN_INT_CONVERSION = YES;
				CLANG_WARN_OBJC_ROOT_CLASS = YES_ERROR;
				CLANG_WARN_UNREACHABLE_CODE = YES;
				CLANG_WARN__DUPLICATE_METHOD_MATCH = YES;
				CODE_SIGN_IDENTITY = "-";
				COPY_PHASE_STRIP = NO;
				DEBUG_INFORMATION_FORMAT = "dwarf-with-dsym";
				ENABLE_NS_ASSERTIONS = NO;
				ENABLE_STRICT_OBJC_MSGSEND = YES;
				GCC_C_LANGUAGE_STANDARD = gnu99;
				GCC_NO_COMMON_BLOCKS = YES;
				GCC_WARN_64_TO_32_BIT_CONVERSION = YES;
				GCC_WARN_ABOUT_RETURN_TYPE = YES_ERROR;
				GCC_WARN_UNDECLARED_SELECTOR = YES;
				GCC_WARN_UNINITIALIZED_AUTOS = YES_AGGRESSIVE;
				GCC_WARN_UNUSED_FUNCTION = YES;
				GCC_WARN_UNUSED_VARIABLE = YES;
				MACOSX_DEPLOYMENT_TARGET = 10.11;
				MTL_ENABLE_DEBUG_INFO = NO;
				SDKROOT = macosx;
			};
			name = Release;
		};
		146F5FBA1CD1178A006AE251 /* Debug */ = {
			isa = XCBuildConfiguration;
			buildSettings = {
				PRODUCT_NAME = "$(TARGET_NAME)";
				SWIFT_OBJC_BRIDGING_HEADER = "AdventOfCode/AdventOfCode-Bridging-Header.h";
			};
			name = Debug;
		};
		146F5FBB1CD1178A006AE251 /* Release */ = {
			isa = XCBuildConfiguration;
			buildSettings = {
				PRODUCT_NAME = "$(TARGET_NAME)";
				SWIFT_OBJC_BRIDGING_HEADER = "AdventOfCode/AdventOfCode-Bridging-Header.h";
			};
			name = Release;
		};
/* End XCBuildConfiguration section */

/* Begin XCConfigurationList section */
		146F5FAD1CD1178A006AE251 /* Build configuration list for PBXProject "AdventOfCode" */ = {
			isa = XCConfigurationList;
			buildConfigurations = (
				146F5FB71CD1178A006AE251 /* Debug */,
				146F5FB81CD1178A006AE251 /* Release */,
			);
			defaultConfigurationIsVisible = 0;
			defaultConfigurationName = Release;
		};
		146F5FB91CD1178A006AE251 /* Build configuration list for PBXNativeTarget "AdventOfCode" */ = {
			isa = XCConfigurationList;
			buildConfigurations = (
				146F5FBA1CD1178A006AE251 /* Debug */,
				146F5FBB1CD1178A006AE251 /* Release */,
			);
			defaultConfigurationIsVisible = 0;
			defaultConfigurationName = Release;
		};
/* End XCConfigurationList section */
	};
	rootObject = 146F5FAA1CD1178A006AE251 /* Project object */;
}
